Microsoft Visual Studio Solution File, Format Version 8.00
Project("{8BC9CEB8-8B4A-11D0-8D11-00A0C91BC942}") = "ClassGen", "ClassGen.vcproj", "{4B691B40-25C4-46F3-BA0C-8954D2FBF9A9}"
	ProjectSection(ProjectDependencies) = postProject
	EndProjectSection
EndProject
Project("{8BC9CEB8-8B4A-11D0-8D11-00A0C91BC942}") = "Core", "..\Lib\Core\Core.vcproj", "{790BC113-52FB-4565-8968-79B8B011C520}"
	ProjectSection(ProjectDependencies) = postProject
	EndProjectSection
EndProject
Project("{8BC9CEB8-8B4A-11D0-8D11-00A0C91BC942}") = "Wcl", "..\Lib\WCL\Wcl.vcproj", "{9B0335B6-93BE-4604-8497-27431874D758}"
	ProjectSection(ProjectDependencies) = postProject
	EndProjectSection
EndProject
Global
	GlobalSection(DPCodeReviewSolutionGUID) = preSolution
		DPCodeReviewSolutionGUID = {00000000-0000-0000-0000-000000000000}
	EndGlobalSection
	GlobalSection(SourceCodeControl) = preSolution
		SccNumberOfProjects = 4
		SccProjectUniqueName0 = ClassGen.vcproj
		SccLocalPath0 = .
		CanCheckoutShared = true
		SccProjectUniqueName1 = ..\\Lib\\Core\\Core.vcproj
		SccProjectName1 = \u0022$/Win32/Lib/Core\u0022,\u0020QWDAAAAA
		SccLocalPath1 = ..\\Lib\\Core
		CanCheckoutShared = true
		SccProjectUniqueName2 = ..\\Lib\\WCL\\Wcl.vcproj
		SccProjectName2 = \u0022$/Win32/Lib/WCL\u0022,\u0020HPAAAAAA
		SccLocalPath2 = ..\\Lib\\WCL
		CanCheckoutShared = true
		SccLocalPath3 = .
		CanCheckoutShared = true
		SolutionUniqueID = {EF943AE2-2116-4562-8C5F-E62A5BBD7C07}
	EndGlobalSection
	GlobalSection(SolutionConfiguration) = preSolution
		Debug = Debug
		Release = Release
	EndGlobalSection
	GlobalSection(ProjectDependencies) = postSolution
	EndGlobalSection
	GlobalSection(ProjectConfiguration) = postSolution
		{4B691B40-25C4-46F3-BA0C-8954D2FBF9A9}.Debug.ActiveCfg = Debug|Win32
		{4B691B40-25C4-46F3-BA0C-8954D2FBF9A9}.Debug.Build.0 = Debug|Win32
		{4B691B40-25C4-46F3-BA0C-8954D2FBF9A9}.Release.ActiveCfg = Release|Win32
		{4B691B40-25C4-46F3-BA0C-8954D2FBF9A9}.Release.Build.0 = Release|Win32
		{790BC113-52FB-4565-8968-79B8B011C520}.Debug.ActiveCfg = Debug|Win32
		{790BC113-52FB-4565-8968-79B8B011C520}.Debug.Build.0 = Debug|Win32
		{790BC113-52FB-4565-8968-79B8B011C520}.Release.ActiveCfg = Release|Win32
		{790BC113-52FB-4565-8968-79B8B011C520}.Release.Build.0 = Release|Win32
		{9B0335B6-93BE-4604-8497-27431874D758}.Debug.ActiveCfg = Debug|Win32
		{9B0335B6-93BE-4604-8497-27431874D758}.Debug.Build.0 = Debug|Win32
		{9B0335B6-93BE-4604-8497-27431874D758}.Release.ActiveCfg = Release|Win32
		{9B0335B6-93BE-4604-8497-27431874D758}.Release.Build.0 = Release|Win32
	EndGlobalSection
	GlobalSection(ExtensibilityGlobals) = postSolution
	EndGlobalSection
	GlobalSection(ExtensibilityAddIns) = postSolution
	EndGlobalSection
EndGlobal
